{
  "originHash" : "079351f32aed5d8d72f2fff20b76bfe63e7f06d2460894a8930931db1b3d3a7d",
  "pins" : [
    {
      "identity" : "stream-chat-swift",
      "kind" : "remoteSourceControl",
      "location" : "https://github.com/GetStream/stream-chat-swift.git",
      "state" : {
        "revision" : "dca0b06ace38b810833559b04f619554a9b7a964",
        "version" : "4.63.0"
      }
    },
    {
      "identity" : "stream-chat-swiftui",
      "kind" : "remoteSourceControl",
      "location" : "https://github.com/getstream/stream-chat-swiftui",
      "state" : {
        "revision" : "3d7a55487d4ccda8794ccafb30dc4d618e227cce",
        "version" : "4.63.0"
      }
    }
  ],
  "version" : 3
}
