// !$*UTF8*$!
{
	archiveVersion = 1;
	classes = {
	};
	objectVersion = 77;
	objects = {

/* Begin PBXBuildFile section */
		F1F1F1F100000000000000C1 /* StreamChatSwiftUI in Frameworks */ = {isa = PBXBuildFile; productRef = F1F1F1F100000000000000B1 /* StreamChatSwiftUI */; };
		F1F1F1F100000000000000C2 /* StreamChat in Frameworks */ = {isa = PBXBuildFile; productRef = F1F1F1F100000000000000B2 /* StreamChat */; };
		F1F1F1F100000000000000C3 /* StreamVideo in Frameworks */ = {isa = PBXBuildFile; productRef = F1F1F1F100000000000000B3 /* StreamVideo */; };
		F1F1F1F100000000000000C4 /* StreamVideoSwiftUI in Frameworks */ = {isa = PBXBuildFile; productRef = F1F1F1F100000000000000B4 /* StreamVideoSwiftUI */; };
		F1F1F1F100000000000000C5 /* StreamFeeds in Frameworks */ = {isa = PBXBuildFile; productRef = F1F1F1F100000000000000B5 /* StreamFeeds */; };
		F1F1F1F100000000000000C6 /* StreamCore in Frameworks */ = {isa = PBXBuildFile; productRef = F1F1F1F100000000000000B6 /* StreamCore */; };
/* End PBXBuildFile section */

/* Begin PBXFileReference section */
		846128AF2FBF254D00800743 /* OOMarketplace.app */ = {isa = PBXFileReference; explicitFileType = wrapper.application; includeInIndex = 0; path = OOMarketplace.app; sourceTree = BUILT_PRODUCTS_DIR; };
/* End PBXFileReference section */

/* Begin PBXFileSystemSynchronizedRootGroup section */
		846128B12FBF254D00800743 /* OOMarketplace */ = {
			isa = PBXFileSystemSynchronizedRootGroup;
			path = OOMarketplace;
			sourceTree = "<group>";
		};
/* End PBXFileSystemSynchronizedRootGroup section */

/* Begin PBXFrameworksBuildPhase section */
		846128AC2FBF254D00800743 /* Frameworks */ = {
			isa = PBXFrameworksBuildPhase;
			buildActionMask = 2147483647;
			files = (
				F1F1F1F100000000000000C2 /* StreamChat in Frameworks */,
				F1F1F1F100000000000000C1 /* StreamChatSwiftUI in Frameworks */,
				F1F1F1F100000000000000C3 /* StreamVideo in Frameworks */,
				F1F1F1F100000000000000C4 /* StreamVideoSwiftUI in Frameworks */,
				F1F1F1F100000000000000C6 /* StreamCore in Frameworks */,
				F1F1F1F100000000000000C5 /* StreamFeeds in Frameworks */,
			);
			runOnlyForDeploymentPostprocessing = 0;
		};
/* End PBXFrameworksBuildPhase section */

/* Begin PBXGroup section */
		846128A62FBF254D00800743 = {
			isa = PBXGroup;
			children = (
				846128B12FBF254D00800743 /* OOMarketplace */,
				846128B02FBF254D00800743 /* Products */,
			);
			sourceTree = "<group>";
		};
		846128B02FBF254D00800743 /* Products */ = {
			isa = PBXGroup;
			children = (
				846128AF2FBF254D00800743 /* OOMarketplace.app */,
			);
			name = Products;
			sourceTree = "<group>";
		};
/* End PBXGroup section */

/* Begin PBXNativeTarget section */
		846128AE2FBF254D00800743 /* OOMarketplace */ = {
			isa = PBXNativeTarget;
			buildConfigurationList = 846128BA2FBF254E00800743 /* Build configuration list for PBXNativeTarget "OOMarketplace" */;
			buildPhases = (
				846128AB2FBF254D00800743 /* Sources */,
				846128AC2FBF254D00800743 /* Frameworks */,
				846128AD2FBF254D00800743 /* Resources */,
			);
			buildRules = (
			);
			dependencies = (
			);
			fileSystemSynchronizedGroups = (
				846128B12FBF254D00800743 /* OOMarketplace */,
			);
			name = OOMarketplace;
			packageProductDependencies = (
				F1F1F1F100000000000000B2 /* StreamChat */,
				F1F1F1F100000000000000B1 /* StreamChatSwiftUI */,
				F1F1F1F100000000000000B3 /* StreamVideo */,
				F1F1F1F100000000000000B4 /* StreamVideoSwiftUI */,
				F1F1F1F100000000000000B6 /* StreamCore */,
				F1F1F1F100000000000000B5 /* StreamFeeds */,
			);
			productName = OOMarketplace;
			productReference = 846128AF2FBF254D00800743 /* OOMarketplace.app */;
			productType = "com.apple.product-type.application";
		};
/* End PBXNativeTarget section */

/* Begin PBXProject section */
		846128A72FBF254D00800743 /* Project object */ = {
			isa = PBXProject;
			attributes = {
				BuildIndependentTargetsInParallel = 1;
				LastSwiftUpdateCheck = 2650;
				LastUpgradeCheck = 2650;
				TargetAttributes = {
					846128AE2FBF254D00800743 = {
						CreatedOnToolsVersion = 26.5;
					};
				};
			};
			buildConfigurationList = 846128AA2FBF254D00800743 /* Build configuration list for PBXProject "OOMarketplace" */;
			developmentRegion = en;
			hasScannedForEncodings = 0;
			knownRegions = (
				en,
				Base,
			);
			mainGroup = 846128A62FBF254D00800743;
			minimizedProjectReferenceProxies = 1;
			packageReferences = (
				F1F1F1F100000000000000A1 /* XCRemoteSwiftPackageReference "stream-chat-swiftui" */,
				F1F1F1F100000000000000A2 /* XCRemoteSwiftPackageReference "stream-chat-swift" */,
				F1F1F1F100000000000000A3 /* XCRemoteSwiftPackageReference "stream-video-swift" */,
				F1F1F1F100000000000000A4 /* XCRemoteSwiftPackageReference "stream-feeds-swift" */,
				F1F1F1F100000000000000A5 /* XCRemoteSwiftPackageReference "stream-core-swift" */,
			);
			preferredProjectObjectVersion = 77;
			productRefGroup = 846128B02FBF254D00800743 /* Products */;
			projectDirPath = "";
			projectRoot = "";
			targets = (
				846128AE2FBF254D00800743 /* OOMarketplace */,
			);
		};
/* End PBXProject section */

/* Begin PBXResourcesBuildPhase section */
		846128AD2FBF254D00800743 /* Resources */ = {
			isa = PBXResourcesBuildPhase;
			buildActionMask = 2147483647;
			files = (
			);
			runOnlyForDeploymentPostprocessing = 0;
		};
/* End PBXResourcesBuildPhase section */

/* Begin PBXSourcesBuildPhase section */
		846128AB2FBF254D00800743 /* Sources */ = {
			isa = PBXSourcesBuildPhase;
			buildActionMask = 2147483647;
			files = (
			);
			runOnlyForDeploymentPostprocessing = 0;
		};
/* End PBXSourcesBuildPhase section */

/* Begin XCBuildConfiguration section */
		846128B82FBF254E00800743 /* Debug */ = {
			isa = XCBuildConfiguration;
			buildSettings = {
				ALWAYS_SEARCH_USER_PATHS = NO;
				ASSETCATALOG_COMPILER_GENERATE_SWIFT_ASSET_SYMBOL_EXTENSIONS = YES;
				CLANG_ANALYZER_NONNULL = YES;
				CLANG_ANALYZER_NUMBER_OBJECT_CONVERSION = YES_AGGRESSIVE;
				CLANG_CXX_LANGUAGE_STANDARD = "gnu++20";
				CLANG_ENABLE_MODULES = YES;
				CLANG_ENABLE_OBJC_ARC = YES;
				CLANG_ENABLE_OBJC_WEAK = YES;
				CLANG_WARN_BLOCK_CAPTURE_AUTORELEASING = YES;
				CLANG_WARN_BOOL_CONVERSION = YES;
				CLANG_WARN_COMMA = YES;
				CLANG_WARN_CONSTANT_CONVERSION = YES;
				CLANG_WARN_DEPRECATED_OBJC_IMPLEMENTATIONS = YES;
				CLANG_WARN_DIRECT_OBJC_ISA_USAGE = YES_ERROR;
				CLANG_WARN_DOCUMENTATION_COMMENTS = YES;
				CLANG_WARN_EMPTY_BODY = YES;
				CLANG_WARN_ENUM_CONVERSION = YES;
				CLANG_WARN_INFINITE_RECURSION = YES;
				CLANG_WARN_INT_CONVERSION = YES;
				CLANG_WARN_NON_LITERAL_NULL_CONVERSION = YES;
				CLANG_WARN_OBJC_IMPLICIT_RETAIN_SELF = YES;
				CLANG_WARN_OBJC_LITERAL_CONVERSION = YES;
				CLANG_WARN_OBJC_ROOT_CLASS = YES_ERROR;
				CLANG_WARN_QUOTED_INCLUDE_IN_FRAMEWORK_HEADER = YES;
				CLANG_WARN_RANGE_LOOP_ANALYSIS = YES;
				CLANG_WARN_STRICT_PROTOTYPES = YES;
				CLANG_WARN_SUSPICIOUS_MOVE = YES;
				CLANG_WARN_UNGUARDED_AVAILABILITY = YES_AGGRESSIVE;
				CLANG_WARN_UNREACHABLE_CODE = YES;
				CLANG_WARN__DUPLICATE_METHOD_MATCH = YES;
				COPY_PHASE_STRIP = NO;
				DEBUG_INFORMATION_FORMAT = dwarf;
				DEVELOPMENT_TEAM = 5BXN67M73D;
				ENABLE_STRICT_OBJC_MSGSEND = YES;
				ENABLE_TESTABILITY = YES;
				ENABLE_USER_SCRIPT_SANDBOXING = YES;
				GCC_C_LANGUAGE_STANDARD = gnu17;
				GCC_DYNAMIC_NO_PIC = NO;
				GCC_NO_COMMON_BLOCKS = YES;
				GCC_OPTIMIZATION_LEVEL = 0;
				GCC_PREPROCESSOR_DEFINITIONS = (
					"DEBUG=1",
					"$(inherited)",
				);
				GCC_WARN_64_TO_32_BIT_CONVERSION = YES;
				GCC_WARN_ABOUT_RETURN_TYPE = YES_ERROR;
				GCC_WARN_UNDECLARED_SELECTOR = YES;
				GCC_WARN_UNINITIALIZED_AUTOS = YES_AGGRESSIVE;
				GCC_WARN_UNUSED_FUNCTION = YES;
				GCC_WARN_UNUSED_VARIABLE = YES;
				IPHONEOS_DEPLOYMENT_TARGET = 26.5;
				LOCALIZATION_PREFERS_STRING_CATALOGS = YES;
				MTL_ENABLE_DEBUG_INFO = INCLUDE_SOURCE;
				MTL_FAST_MATH = YES;
				ONLY_ACTIVE_ARCH = YES;
				SDKROOT = iphoneos;
				SWIFT_ACTIVE_COMPILATION_CONDITIONS = "DEBUG $(inherited)";
				SWIFT_OPTIMIZATION_LEVEL = "-Onone";
			};
			name = Debug;
		};
		846128B92FBF254E00800743 /* Release */ = {
			isa = XCBuildConfiguration;
			buildSettings = {
				ALWAYS_SEARCH_USER_PATHS = NO;
				ASSETCATALOG_COMPILER_GENERATE_SWIFT_ASSET_SYMBOL_EXTENSIONS = YES;
				CLANG_ANALYZER_NONNULL = YES;
				CLANG_ANALYZER_NUMBER_OBJECT_CONVERSION = YES_AGGRESSIVE;
				CLANG_CXX_LANGUAGE_STANDARD = "gnu++20";
				CLANG_ENABLE_MODULES = YES;
				CLANG_ENABLE_OBJC_ARC = YES;
				CLANG_ENABLE_OBJC_WEAK = YES;
				CLANG_WARN_BLOCK_CAPTURE_AUTORELEASING = YES;
				CLANG_WARN_BOOL_CONVERSION = YES;
				CLANG_WARN_COMMA = YES;
				CLANG_WARN_CONSTANT_CONVERSION = YES;
				CLANG_WARN_DEPRECATED_OBJC_IMPLEMENTATIONS = YES;
				CLANG_WARN_DIRECT_OBJC_ISA_USAGE = YES_ERROR;
				CLANG_WARN_DOCUMENTATION_COMMENTS = YES;
				CLANG_WARN_EMPTY_BODY = YES;
				CLANG_WARN_ENUM_CONVERSION = YES;
				CLANG_WARN_INFINITE_RECURSION = YES;
				CLANG_WARN_INT_CONVERSION = YES;
				CLANG_WARN_NON_LITERAL_NULL_CONVERSION = YES;
				CLANG_WARN_OBJC_IMPLICIT_RETAIN_SELF = YES;
				CLANG_WARN_OBJC_LITERAL_CONVERSION = YES;
				CLANG_WARN_OBJC_ROOT_CLASS = YES_ERROR;
				CLANG_WARN_QUOTED_INCLUDE_IN_FRAMEWORK_HEADER = YES;
				CLANG_WARN_RANGE_LOOP_ANALYSIS = YES;
				CLANG_WARN_STRICT_PROTOTYPES = YES;
				CLANG_WARN_SUSPICIOUS_MOVE = YES;
				CLANG_WARN_UNGUARDED_AVAILABILITY = YES_AGGRESSIVE;
				CLANG_WARN_UNREACHABLE_CODE = YES;
				CLANG_WARN__DUPLICATE_METHOD_MATCH = YES;
				COPY_PHASE_STRIP = NO;
				DEBUG_INFORMATION_FORMAT = "dwarf-with-dsym";
				DEVELOPMENT_TEAM = 5BXN67M73D;
				ENABLE_NS_ASSERTIONS = NO;
				ENABLE_STRICT_OBJC_MSGSEND = YES;
				ENABLE_USER_SCRIPT_SANDBOXING = YES;
				GCC_C_LANGUAGE_STANDARD = gnu17;
				GCC_NO_COMMON_BLOCKS = YES;
				GCC_WARN_64_TO_32_BIT_CONVERSION = YES;
				GCC_WARN_ABOUT_RETURN_TYPE = YES_ERROR;
				GCC_WARN_UNDECLARED_SELECTOR = YES;
				GCC_WARN_UNINITIALIZED_AUTOS = YES_AGGRESSIVE;
				GCC_WARN_UNUSED_FUNCTION = YES;
				GCC_WARN_UNUSED_VARIABLE = YES;
				IPHONEOS_DEPLOYMENT_TARGET = 26.5;
				LOCALIZATION_PREFERS_STRING_CATALOGS = YES;
				MTL_ENABLE_DEBUG_INFO = NO;
				MTL_FAST_MATH = YES;
				SDKROOT = iphoneos;
				SWIFT_COMPILATION_MODE = wholemodule;
				VALIDATE_PRODUCT = YES;
			};
			name = Release;
		};
		846128BB2FBF254E00800743 /* Debug */ = {
			isa = XCBuildConfiguration;
			buildSettings = {
				ASSETCATALOG_COMPILER_APPICON_NAME = AppIcon;
				ASSETCATALOG_COMPILER_GLOBAL_ACCENT_COLOR_NAME = AccentColor;
				CODE_SIGN_STYLE = Automatic;
				CURRENT_PROJECT_VERSION = 1;
				DEVELOPMENT_TEAM = 5BXN67M73D;
				ENABLE_PREVIEWS = YES;
				GENERATE_INFOPLIST_FILE = YES;
				INFOPLIST_KEY_NSCameraUsageDescription = "Video calls and listing photos need camera access.";
				INFOPLIST_KEY_NSMicrophoneUsageDescription = "Audio and video calls between buyers and sellers need microphone access.";
				INFOPLIST_KEY_NSPhotoLibraryUsageDescription = "Choosing listing images needs photo library access.";
				INFOPLIST_KEY_UIApplicationSceneManifest_Generation = YES;
				INFOPLIST_KEY_UIApplicationSupportsIndirectInputEvents = YES;
				INFOPLIST_KEY_UIBackgroundModes = "audio remote-notification voip";
				INFOPLIST_KEY_UILaunchScreen_Generation = YES;
				INFOPLIST_KEY_UISupportedInterfaceOrientations_iPad = "UIInterfaceOrientationPortrait UIInterfaceOrientationPortraitUpsideDown UIInterfaceOrientationLandscapeLeft UIInterfaceOrientationLandscapeRight";
				INFOPLIST_KEY_UISupportedInterfaceOrientations_iPhone = "UIInterfaceOrientationPortrait UIInterfaceOrientationLandscapeLeft UIInterfaceOrientationLandscapeRight";
				LD_RUNPATH_SEARCH_PATHS = (
					"$(inherited)",
					"@executable_path/Frameworks",
				);
				MARKETING_VERSION = 1.0;
				PRODUCT_BUNDLE_IDENTIFIER = com.amosgyamfi.OOMarketplace;
				PRODUCT_NAME = "$(TARGET_NAME)";
				STRING_CATALOG_GENERATE_SYMBOLS = YES;
				SWIFT_APPROACHABLE_CONCURRENCY = YES;
				SWIFT_DEFAULT_ACTOR_ISOLATION = MainActor;
				SWIFT_EMIT_LOC_STRINGS = YES;
				SWIFT_UPCOMING_FEATURE_MEMBER_IMPORT_VISIBILITY = YES;
				SWIFT_VERSION = 5.0;
				TARGETED_DEVICE_FAMILY = "1,2";
			};
			name = Debug;
		};
		846128BC2FBF254E00800743 /* Release */ = {
			isa = XCBuildConfiguration;
			buildSettings = {
				ASSETCATALOG_COMPILER_APPICON_NAME = AppIcon;
				ASSETCATALOG_COMPILER_GLOBAL_ACCENT_COLOR_NAME = AccentColor;
				CODE_SIGN_STYLE = Automatic;
				CURRENT_PROJECT_VERSION = 1;
				DEVELOPMENT_TEAM = 5BXN67M73D;
				ENABLE_PREVIEWS = YES;
				GENERATE_INFOPLIST_FILE = YES;
				INFOPLIST_KEY_NSCameraUsageDescription = "Video calls and listing photos need camera access.";
				INFOPLIST_KEY_NSMicrophoneUsageDescription = "Audio and video calls between buyers and sellers need microphone access.";
				INFOPLIST_KEY_NSPhotoLibraryUsageDescription = "Choosing listing images needs photo library access.";
				INFOPLIST_KEY_UIApplicationSceneManifest_Generation = YES;
				INFOPLIST_KEY_UIApplicationSupportsIndirectInputEvents = YES;
				INFOPLIST_KEY_UIBackgroundModes = "audio remote-notification voip";
				INFOPLIST_KEY_UILaunchScreen_Generation = YES;
				INFOPLIST_KEY_UISupportedInterfaceOrientations_iPad = "UIInterfaceOrientationPortrait UIInterfaceOrientationPortraitUpsideDown UIInterfaceOrientationLandscapeLeft UIInterfaceOrientationLandscapeRight";
				INFOPLIST_KEY_UISupportedInterfaceOrientations_iPhone = "UIInterfaceOrientationPortrait UIInterfaceOrientationLandscapeLeft UIInterfaceOrientationLandscapeRight";
				LD_RUNPATH_SEARCH_PATHS = (
					"$(inherited)",
					"@executable_path/Frameworks",
				);
				MARKETING_VERSION = 1.0;
				PRODUCT_BUNDLE_IDENTIFIER = com.amosgyamfi.OOMarketplace;
				PRODUCT_NAME = "$(TARGET_NAME)";
				STRING_CATALOG_GENERATE_SYMBOLS = YES;
				SWIFT_APPROACHABLE_CONCURRENCY = YES;
				SWIFT_DEFAULT_ACTOR_ISOLATION = MainActor;
				SWIFT_EMIT_LOC_STRINGS = YES;
				SWIFT_UPCOMING_FEATURE_MEMBER_IMPORT_VISIBILITY = YES;
				SWIFT_VERSION = 5.0;
				TARGETED_DEVICE_FAMILY = "1,2";
			};
			name = Release;
		};
/* End XCBuildConfiguration section */

/* Begin XCConfigurationList section */
		846128AA2FBF254D00800743 /* Build configuration list for PBXProject "OOMarketplace" */ = {
			isa = XCConfigurationList;
			buildConfigurations = (
				846128B82FBF254E00800743 /* Debug */,
				846128B92FBF254E00800743 /* Release */,
			);
			defaultConfigurationIsVisible = 0;
			defaultConfigurationName = Release;
		};
		846128BA2FBF254E00800743 /* Build configuration list for PBXNativeTarget "OOMarketplace" */ = {
			isa = XCConfigurationList;
			buildConfigurations = (
				846128BB2FBF254E00800743 /* Debug */,
				846128BC2FBF254E00800743 /* Release */,
			);
			defaultConfigurationIsVisible = 0;
			defaultConfigurationName = Release;
		};
/* End XCConfigurationList section */

/* Begin XCRemoteSwiftPackageReference section */
		F1F1F1F100000000000000A1 /* XCRemoteSwiftPackageReference "stream-chat-swiftui" */ = {
			isa = XCRemoteSwiftPackageReference;
			repositoryURL = "https://github.com/GetStream/stream-chat-swiftui.git";
			requirement = {
				kind = exactVersion;
				version = 5.1.0;
			};
		};
		F1F1F1F100000000000000A2 /* XCRemoteSwiftPackageReference "stream-chat-swift" */ = {
			isa = XCRemoteSwiftPackageReference;
			repositoryURL = "https://github.com/GetStream/stream-chat-swift.git";
			requirement = {
				kind = exactVersion;
				version = 5.1.0;
			};
		};
		F1F1F1F100000000000000A3 /* XCRemoteSwiftPackageReference "stream-video-swift" */ = {
			isa = XCRemoteSwiftPackageReference;
			repositoryURL = "https://github.com/GetStream/stream-video-swift.git";
			requirement = {
				kind = upToNextMajorVersion;
				minimumVersion = 1.46.0;
			};
		};
		F1F1F1F100000000000000A4 /* XCRemoteSwiftPackageReference "stream-feeds-swift" */ = {
			isa = XCRemoteSwiftPackageReference;
			repositoryURL = "https://github.com/GetStream/stream-feeds-swift.git";
			requirement = {
				kind = exactVersion;
				version = 0.5.2;
			};
		};
		F1F1F1F100000000000000A5 /* XCRemoteSwiftPackageReference "stream-core-swift" */ = {
			isa = XCRemoteSwiftPackageReference;
			repositoryURL = "https://github.com/GetStream/stream-core-swift.git";
			requirement = {
				kind = exactVersion;
				version = 0.6.2;
			};
		};
/* End XCRemoteSwiftPackageReference section */

/* Begin XCSwiftPackageProductDependency section */
		F1F1F1F100000000000000B1 /* StreamChatSwiftUI */ = {
			isa = XCSwiftPackageProductDependency;
			package = F1F1F1F100000000000000A1 /* XCRemoteSwiftPackageReference "stream-chat-swiftui" */;
			productName = StreamChatSwiftUI;
		};
		F1F1F1F100000000000000B2 /* StreamChat */ = {
			isa = XCSwiftPackageProductDependency;
			package = F1F1F1F100000000000000A2 /* XCRemoteSwiftPackageReference "stream-chat-swift" */;
			productName = StreamChat;
		};
		F1F1F1F100000000000000B3 /* StreamVideo */ = {
			isa = XCSwiftPackageProductDependency;
			package = F1F1F1F100000000000000A3 /* XCRemoteSwiftPackageReference "stream-video-swift" */;
			productName = StreamVideo;
		};
		F1F1F1F100000000000000B4 /* StreamVideoSwiftUI */ = {
			isa = XCSwiftPackageProductDependency;
			package = F1F1F1F100000000000000A3 /* XCRemoteSwiftPackageReference "stream-video-swift" */;
			productName = StreamVideoSwiftUI;
		};
		F1F1F1F100000000000000B5 /* StreamFeeds */ = {
			isa = XCSwiftPackageProductDependency;
			package = F1F1F1F100000000000000A4 /* XCRemoteSwiftPackageReference "stream-feeds-swift" */;
			productName = StreamFeeds;
		};
		F1F1F1F100000000000000B6 /* StreamCore */ = {
			isa = XCSwiftPackageProductDependency;
			package = F1F1F1F100000000000000A5 /* XCRemoteSwiftPackageReference "stream-core-swift" */;
			productName = StreamCore;
		};
/* End XCSwiftPackageProductDependency section */
	};
	rootObject = 846128A72FBF254D00800743 /* Project object */;
}
