{
  "originHash" : "b2775458aaed2ebd8d4afe0017ebed5bde7acf4f238381f6859d2ba74577228c",
  "pins" : [
    {
      "identity" : "networkimage",
      "kind" : "remoteSourceControl",
      "location" : "https://github.com/gonzalezreal/NetworkImage",
      "state" : {
        "revision" : "2849f5323265386e200484b0d0f896e73c3411b9",
        "version" : "6.0.1"
      }
    },
    {
      "identity" : "splash",
      "kind" : "remoteSourceControl",
      "location" : "https://github.com/JohnSundell/Splash.git",
      "state" : {
        "revision" : "7f4df436eb78fe64fe2c32c58006e9949fa28ad8",
        "version" : "0.16.0"
      }
    },
    {
      "identity" : "stream-chat-swift",
      "kind" : "remoteSourceControl",
      "location" : "https://github.com/GetStream/stream-chat-swift.git",
      "state" : {
        "revision" : "314769b8a819ede5445f7662977ad160f281f1a8",
        "version" : "4.72.0"
      }
    },
    {
      "identity" : "stream-chat-swift-ai",
      "kind" : "remoteSourceControl",
      "location" : "https://github.com/GetStream/stream-chat-swift-ai.git",
      "state" : {
        "revision" : "82bdb18e151dd9e300c3677a0c92c188442ca0f2",
        "version" : "0.3.0"
      }
    },
    {
      "identity" : "stream-chat-swiftui",
      "kind" : "remoteSourceControl",
      "location" : "https://github.com/getstream/stream-chat-swiftui",
      "state" : {
        "revision" : "06a765cf145704a53879856509347d872adcb0ad",
        "version" : "4.72.0"
      }
    },
    {
      "identity" : "swift-markdown-ui",
      "kind" : "remoteSourceControl",
      "location" : "https://github.com/gonzalezreal/swift-markdown-ui.git",
      "state" : {
        "revision" : "55441810c0f678c78ed7e2ebd46dde89228e02fc",
        "version" : "2.4.0"
      }
    }
  ],
  "version" : 3
}
